// !$*UTF8*$!
{
	archiveVersion = 1;
	classes = {
	};
	objectVersion = 46;
	objects = {

/* Begin PBXBuildFile section */
		F65456BB1E05A56B00A1B523 /* SQLiteDB.swift in Sources */ = {isa = PBXBuildFile; fileRef = F65456BA1E05A56B00A1B523 /* SQLiteDB.swift */; };
		F679F8911E029BED009CD317 /* SwiftyJSON.swift in Sources */ = {isa = PBXBuildFile; fileRef = F679F8901E029BED009CD317 /* SwiftyJSON.swift */; };
		F68D301E1E056BAD0071BB74 /* libsqlite3.tbd in Frameworks */ = {isa = PBXBuildFile; fileRef = F68D301D1E056BAD0071BB74 /* libsqlite3.tbd */; };
		F6B582201E0FDBFC006E3860 /* BackgroundView.swift in Sources */ = {isa = PBXBuildFile; fileRef = F6B5821A1E0FDBFC006E3860 /* BackgroundView.swift */; };
		F6B582211E0FDBFC006E3860 /* ErrorView.swift in Sources */ = {isa = PBXBuildFile; fileRef = F6B5821B1E0FDBFC006E3860 /* ErrorView.swift */; };
		F6B582221E0FDBFC006E3860 /* OptionViewController.swift in Sources */ = {isa = PBXBuildFile; fileRef = F6B5821C1E0FDBFC006E3860 /* OptionViewController.swift */; };
		F6B582231E0FDBFC006E3860 /* ViewController.swift in Sources */ = {isa = PBXBuildFile; fileRef = F6B5821D1E0FDBFC006E3860 /* ViewController.swift */; };
		F6B582241E0FDBFC006E3860 /* WeatherParticleViewController.swift in Sources */ = {isa = PBXBuildFile; fileRef = F6B5821E1E0FDBFC006E3860 /* WeatherParticleViewController.swift */; };
		F6B582251E0FDBFC006E3860 /* WeatherViewController.swift in Sources */ = {isa = PBXBuildFile; fileRef = F6B5821F1E0FDBFC006E3860 /* WeatherViewController.swift */; };
		F6B582271E0FDC15006E3860 /* rain.sks in Resources */ = {isa = PBXBuildFile; fileRef = F6B582261E0FDC15006E3860 /* rain.sks */; };
		F6B5822C1E0FDC3E006E3860 /* city.db in Resources */ = {isa = PBXBuildFile; fileRef = F6B582291E0FDC3E006E3860 /* city.db */; };
		F6B5822D1E0FDC3E006E3860 /* myWeather.xcdatamodeld in Sources */ = {isa = PBXBuildFile; fileRef = F6B5822A1E0FDC3E006E3860 /* myWeather.xcdatamodeld */; };
		F6B582311E0FDC57006E3860 /* functions.swift in Sources */ = {isa = PBXBuildFile; fileRef = F6B5822E1E0FDC57006E3860 /* functions.swift */; };
		F6B582321E0FDC57006E3860 /* String-Extras.swift in Sources */ = {isa = PBXBuildFile; fileRef = F6B582301E0FDC57006E3860 /* String-Extras.swift */; };
		F6BC43541E0F9C5B003C0435 /* SpriteKit.framework in Frameworks */ = {isa = PBXBuildFile; fileRef = F6BC43531E0F9C5B003C0435 /* SpriteKit.framework */; };
		F6BC435C1E0FA7EA003C0435 /* Assets.xcassets in Resources */ = {isa = PBXBuildFile; fileRef = F6BC435A1E0FA7EA003C0435 /* Assets.xcassets */; };
		F6C4D8861E02120300E69B26 /* AppDelegate.swift in Sources */ = {isa = PBXBuildFile; fileRef = F6C4D8851E02120300E69B26 /* AppDelegate.swift */; };
		F6C4D88B1E02120300E69B26 /* Main.storyboard in Resources */ = {isa = PBXBuildFile; fileRef = F6C4D8891E02120300E69B26 /* Main.storyboard */; };
		F6C4D8901E02120300E69B26 /* Assets.xcassets in Resources */ = {isa = PBXBuildFile; fileRef = F6C4D88F1E02120300E69B26 /* Assets.xcassets */; };
/* End PBXBuildFile section */

/* Begin PBXFileReference section */
		F65456BA1E05A56B00A1B523 /* SQLiteDB.swift */ = {isa = PBXFileReference; fileEncoding = 4; lastKnownFileType = sourcecode.swift; name = SQLiteDB.swift; path = myWeather/Framework/SQLiteDB.swift; sourceTree = "<group>"; };
		F679F8901E029BED009CD317 /* SwiftyJSON.swift */ = {isa = PBXFileReference; fileEncoding = 4; lastKnownFileType = sourcecode.swift; name = SwiftyJSON.swift; path = myWeather/Framework/SwiftyJSON.swift; sourceTree = "<group>"; };
		F68D301D1E056BAD0071BB74 /* libsqlite3.tbd */ = {isa = PBXFileReference; lastKnownFileType = "sourcecode.text-based-dylib-definition"; name = libsqlite3.tbd; path = usr/lib/libsqlite3.tbd; sourceTree = SDKROOT; };
		F6B5821A1E0FDBFC006E3860 /* BackgroundView.swift */ = {isa = PBXFileReference; fileEncoding = 4; lastKnownFileType = sourcecode.swift; name = BackgroundView.swift; path = myWeather/Views/BackgroundView.swift; sourceTree = "<group>"; };
		F6B5821B1E0FDBFC006E3860 /* ErrorView.swift */ = {isa = PBXFileReference; fileEncoding = 4; lastKnownFileType = sourcecode.swift; name = ErrorView.swift; path = myWeather/Views/ErrorView.swift; sourceTree = "<group>"; };
		F6B5821C1E0FDBFC006E3860 /* OptionViewController.swift */ = {isa = PBXFileReference; fileEncoding = 4; lastKnownFileType = sourcecode.swift; name = OptionViewController.swift; path = myWeather/Views/OptionViewController.swift; sourceTree = "<group>"; };
		F6B5821D1E0FDBFC006E3860 /* ViewController.swift */ = {isa = PBXFileReference; fileEncoding = 4; lastKnownFileType = sourcecode.swift; name = ViewController.swift; path = myWeather/Views/ViewController.swift; sourceTree = "<group>"; };
		F6B5821E1E0FDBFC006E3860 /* WeatherParticleViewController.swift */ = {isa = PBXFileReference; fileEncoding = 4; lastKnownFileType = sourcecode.swift; name = WeatherParticleViewController.swift; path = myWeather/Views/WeatherParticleViewController.swift; sourceTree = "<group>"; };
		F6B5821F1E0FDBFC006E3860 /* WeatherViewController.swift */ = {isa = PBXFileReference; fileEncoding = 4; lastKnownFileType = sourcecode.swift; name = WeatherViewController.swift; path = myWeather/Views/WeatherViewController.swift; sourceTree = "<group>"; };
		F6B582261E0FDC15006E3860 /* rain.sks */ = {isa = PBXFileReference; lastKnownFileType = file.sks; name = rain.sks; path = myWeather/rain.sks; sourceTree = "<group>"; };
		F6B582291E0FDC3E006E3860 /* city.db */ = {isa = PBXFileReference; lastKnownFileType = file; name = city.db; path = Data/city.db; sourceTree = "<group>"; };
		F6B5822B1E0FDC3E006E3860 /* myWeather.xcdatamodel */ = {isa = PBXFileReference; lastKnownFileType = wrapper.xcdatamodel; path = myWeather.xcdatamodel; sourceTree = "<group>"; };
		F6B5822E1E0FDC57006E3860 /* functions.swift */ = {isa = PBXFileReference; fileEncoding = 4; lastKnownFileType = sourcecode.swift; name = functions.swift; path = myWeather/Framework/functions.swift; sourceTree = "<group>"; };
		F6B5822F1E0FDC57006E3860 /* SQLite_Bridge.h */ = {isa = PBXFileReference; fileEncoding = 4; lastKnownFileType = sourcecode.c.h; name = SQLite_Bridge.h; path = myWeather/Framework/SQLite_Bridge.h; sourceTree = "<group>"; };
		F6B582301E0FDC57006E3860 /* String-Extras.swift */ = {isa = PBXFileReference; fileEncoding = 4; lastKnownFileType = sourcecode.swift; name = "String-Extras.swift"; path = "myWeather/Framework/String-Extras.swift"; sourceTree = "<group>"; };
		F6BC43531E0F9C5B003C0435 /* SpriteKit.framework */ = {isa = PBXFileReference; lastKnownFileType = wrapper.framework; name = SpriteKit.framework; path = System/Library/Frameworks/SpriteKit.framework; sourceTree = SDKROOT; };
		F6BC435A1E0FA7EA003C0435 /* Assets.xcassets */ = {isa = PBXFileReference; lastKnownFileType = folder.assetcatalog; path = Assets.xcassets; sourceTree = "<group>"; };
		F6C4D8821E02120300E69B26 /* myWeather.app */ = {isa = PBXFileReference; explicitFileType = wrapper.application; includeInIndex = 0; path = myWeather.app; sourceTree = BUILT_PRODUCTS_DIR; };
		F6C4D8851E02120300E69B26 /* AppDelegate.swift */ = {isa = PBXFileReference; lastKnownFileType = sourcecode.swift; path = AppDelegate.swift; sourceTree = "<group>"; };
		F6C4D88A1E02120300E69B26 /* Base */ = {isa = PBXFileReference; lastKnownFileType = file.storyboard; name = Base; path = Base.lproj/Main.storyboard; sourceTree = "<group>"; };
		F6C4D88F1E02120300E69B26 /* Assets.xcassets */ = {isa = PBXFileReference; lastKnownFileType = folder.assetcatalog; path = Assets.xcassets; sourceTree = "<group>"; };
		F6C4D8941E02120300E69B26 /* Info.plist */ = {isa = PBXFileReference; lastKnownFileType = text.plist.xml; path = Info.plist; sourceTree = "<group>"; };
/* End PBXFileReference section */

/* Begin PBXFrameworksBuildPhase section */
		F6C4D87F1E02120300E69B26 /* Frameworks */ = {
			isa = PBXFrameworksBuildPhase;
			buildActionMask = 2147483647;
			files = (
				F6BC43541E0F9C5B003C0435 /* SpriteKit.framework in Frameworks */,
				F68D301E1E056BAD0071BB74 /* libsqlite3.tbd in Frameworks */,
			);
			runOnlyForDeploymentPostprocessing = 0;
		};
/* End PBXFrameworksBuildPhase section */

/* Begin PBXGroup section */
		F68D30261E05924A0071BB74 /* Views */ = {
			isa = PBXGroup;
			children = (
				F6B5821A1E0FDBFC006E3860 /* BackgroundView.swift */,
				F6B5821B1E0FDBFC006E3860 /* ErrorView.swift */,
				F6B5821C1E0FDBFC006E3860 /* OptionViewController.swift */,
				F6B5821D1E0FDBFC006E3860 /* ViewController.swift */,
				F6B5821F1E0FDBFC006E3860 /* WeatherViewController.swift */,
				F6B5821E1E0FDBFC006E3860 /* WeatherParticleViewController.swift */,
				F6B582261E0FDC15006E3860 /* rain.sks */,
				F6BC435A1E0FA7EA003C0435 /* Assets.xcassets */,
				F6C4D8891E02120300E69B26 /* Main.storyboard */,
			);
			name = Views;
			path = ..;
			sourceTree = "<group>";
		};
		F6B582281E0FDC31006E3860 /* Data */ = {
			isa = PBXGroup;
			children = (
				F6B582291E0FDC3E006E3860 /* city.db */,
				F6B5822A1E0FDC3E006E3860 /* myWeather.xcdatamodeld */,
			);
			name = Data;
			sourceTree = "<group>";
		};
		F6C4D8791E02120300E69B26 = {
			isa = PBXGroup;
			children = (
				F6C4D8841E02120300E69B26 /* myWeather */,
				F6C4D8831E02120300E69B26 /* Products */,
			);
			sourceTree = "<group>";
		};
		F6C4D8831E02120300E69B26 /* Products */ = {
			isa = PBXGroup;
			children = (
				F6C4D8821E02120300E69B26 /* myWeather.app */,
			);
			name = Products;
			sourceTree = "<group>";
		};
		F6C4D8841E02120300E69B26 /* myWeather */ = {
			isa = PBXGroup;
			children = (
				F6B582281E0FDC31006E3860 /* Data */,
				F68D30261E05924A0071BB74 /* Views */,
				F6E0EED41E056A1E008994ED /* Frameworks */,
				F6C4D8851E02120300E69B26 /* AppDelegate.swift */,
				F6C4D8941E02120300E69B26 /* Info.plist */,
				F6C4D88F1E02120300E69B26 /* Assets.xcassets */,
			);
			path = myWeather;
			sourceTree = "<group>";
		};
		F6E0EED41E056A1E008994ED /* Frameworks */ = {
			isa = PBXGroup;
			children = (
				F6B5822E1E0FDC57006E3860 /* functions.swift */,
				F6B5822F1E0FDC57006E3860 /* SQLite_Bridge.h */,
				F6B582301E0FDC57006E3860 /* String-Extras.swift */,
				F6BC43531E0F9C5B003C0435 /* SpriteKit.framework */,
				F68D301D1E056BAD0071BB74 /* libsqlite3.tbd */,
				F679F8901E029BED009CD317 /* SwiftyJSON.swift */,
				F65456BA1E05A56B00A1B523 /* SQLiteDB.swift */,
			);
			name = Frameworks;
			path = ..;
			sourceTree = "<group>";
		};
/* End PBXGroup section */

/* Begin PBXNativeTarget section */
		F6C4D8811E02120300E69B26 /* myWeather */ = {
			isa = PBXNativeTarget;
			buildConfigurationList = F6C4D8971E02120300E69B26 /* Build configuration list for PBXNativeTarget "myWeather" */;
			buildPhases = (
				F6C4D87E1E02120300E69B26 /* Sources */,
				F6C4D87F1E02120300E69B26 /* Frameworks */,
				F6C4D8801E02120300E69B26 /* Resources */,
			);
			buildRules = (
			);
			dependencies = (
			);
			name = myWeather;
			productName = myWeather;
			productReference = F6C4D8821E02120300E69B26 /* myWeather.app */;
			productType = "com.apple.product-type.application";
		};
/* End PBXNativeTarget section */

/* Begin PBXProject section */
		F6C4D87A1E02120300E69B26 /* Project object */ = {
			isa = PBXProject;
			attributes = {
				LastSwiftUpdateCheck = 0820;
				LastUpgradeCheck = 0820;
				ORGANIZATIONNAME = lqt0223;
				TargetAttributes = {
					F6C4D8811E02120300E69B26 = {
						CreatedOnToolsVersion = 8.2;
						DevelopmentTeam = 7HUE53ZFW7;
						ProvisioningStyle = Automatic;
					};
				};
			};
			buildConfigurationList = F6C4D87D1E02120300E69B26 /* Build configuration list for PBXProject "myWeather" */;
			compatibilityVersion = "Xcode 3.2";
			developmentRegion = English;
			hasScannedForEncodings = 0;
			knownRegions = (
				en,
				Base,
			);
			mainGroup = F6C4D8791E02120300E69B26;
			productRefGroup = F6C4D8831E02120300E69B26 /* Products */;
			projectDirPath = "";
			projectRoot = "";
			targets = (
				F6C4D8811E02120300E69B26 /* myWeather */,
			);
		};
/* End PBXProject section */

/* Begin PBXResourcesBuildPhase section */
		F6C4D8801E02120300E69B26 /* Resources */ = {
			isa = PBXResourcesBuildPhase;
			buildActionMask = 2147483647;
			files = (
				F6B5822C1E0FDC3E006E3860 /* city.db in Resources */,
				F6C4D8901E02120300E69B26 /* Assets.xcassets in Resources */,
				F6B582271E0FDC15006E3860 /* rain.sks in Resources */,
				F6C4D88B1E02120300E69B26 /* Main.storyboard in Resources */,
				F6BC435C1E0FA7EA003C0435 /* Assets.xcassets in Resources */,
			);
			runOnlyForDeploymentPostprocessing = 0;
		};
/* End PBXResourcesBuildPhase section */

/* Begin PBXSourcesBuildPhase section */
		F6C4D87E1E02120300E69B26 /* Sources */ = {
			isa = PBXSourcesBuildPhase;
			buildActionMask = 2147483647;
			files = (
				F6B582251E0FDBFC006E3860 /* WeatherViewController.swift in Sources */,
				F6B582201E0FDBFC006E3860 /* BackgroundView.swift in Sources */,
				F6C4D8861E02120300E69B26 /* AppDelegate.swift in Sources */,
				F65456BB1E05A56B00A1B523 /* SQLiteDB.swift in Sources */,
				F679F8911E029BED009CD317 /* SwiftyJSON.swift in Sources */,
				F6B582241E0FDBFC006E3860 /* WeatherParticleViewController.swift in Sources */,
				F6B582221E0FDBFC006E3860 /* OptionViewController.swift in Sources */,
				F6B582311E0FDC57006E3860 /* functions.swift in Sources */,
				F6B582321E0FDC57006E3860 /* String-Extras.swift in Sources */,
				F6B5822D1E0FDC3E006E3860 /* myWeather.xcdatamodeld in Sources */,
				F6B582211E0FDBFC006E3860 /* ErrorView.swift in Sources */,
				F6B582231E0FDBFC006E3860 /* ViewController.swift in Sources */,
			);
			runOnlyForDeploymentPostprocessing = 0;
		};
/* End PBXSourcesBuildPhase section */

/* Begin PBXVariantGroup section */
		F6C4D8891E02120300E69B26 /* Main.storyboard */ = {
			isa = PBXVariantGroup;
			children = (
				F6C4D88A1E02120300E69B26 /* Base */,
			);
			name = Main.storyboard;
			path = myWeather;
			sourceTree = "<group>";
		};
/* End PBXVariantGroup section */

/* Begin XCBuildConfiguration section */
		F6C4D8951E02120300E69B26 /* Debug */ = {
			isa = XCBuildConfiguration;
			buildSettings = {
				ALWAYS_SEARCH_USER_PATHS = NO;
				CLANG_ANALYZER_NONNULL = YES;
				CLANG_CXX_LANGUAGE_STANDARD = "gnu++0x";
				CLANG_CXX_LIBRARY = "libc++";
				CLANG_ENABLE_MODULES = YES;
				CLANG_ENABLE_OBJC_ARC = YES;
				CLANG_WARN_BOOL_CONVERSION = YES;
				CLANG_WARN_CONSTANT_CONVERSION = YES;
				CLANG_WARN_DIRECT_OBJC_ISA_USAGE = YES_ERROR;
				CLANG_WARN_DOCUMENTATION_COMMENTS = YES;
				CLANG_WARN_EMPTY_BODY = YES;
				CLANG_WARN_ENUM_CONVERSION = YES;
				CLANG_WARN_INFINITE_RECURSION = YES;
				CLANG_WARN_INT_CONVERSION = YES;
				CLANG_WARN_OBJC_ROOT_CLASS = YES_ERROR;
				CLANG_WARN_SUSPICIOUS_MOVE = YES;
				CLANG_WARN_UNREACHABLE_CODE = YES;
				CLANG_WARN__DUPLICATE_METHOD_MATCH = YES;
				"CODE_SIGN_IDENTITY[sdk=iphoneos*]" = "iPhone Developer";
				COPY_PHASE_STRIP = NO;
				DEBUG_INFORMATION_FORMAT = dwarf;
				ENABLE_STRICT_OBJC_MSGSEND = YES;
				ENABLE_TESTABILITY = YES;
				GCC_C_LANGUAGE_STANDARD = gnu99;
				GCC_DYNAMIC_NO_PIC = NO;
				GCC_NO_COMMON_BLOCKS = YES;
				GCC_OPTIMIZATION_LEVEL = 0;
				GCC_PREPROCESSOR_DEFINITIONS = (
					"DEBUG=1",
					"$(inherited)",
				);
				GCC_WARN_64_TO_32_BIT_CONVERSION = YES;
				GCC_WARN_ABOUT_RETURN_TYPE = YES_ERROR;
				GCC_WARN_UNDECLARED_SELECTOR = YES;
				GCC_WARN_UNINITIALIZED_AUTOS = YES_AGGRESSIVE;
				GCC_WARN_UNUSED_FUNCTION = YES;
				GCC_WARN_UNUSED_VARIABLE = YES;
				IPHONEOS_DEPLOYMENT_TARGET = 10.2;
				MTL_ENABLE_DEBUG_INFO = YES;
				ONLY_ACTIVE_ARCH = YES;
				SDKROOT = iphoneos;
				SWIFT_ACTIVE_COMPILATION_CONDITIONS = DEBUG;
				SWIFT_OPTIMIZATION_LEVEL = "-Onone";
			};
			name = Debug;
		};
		F6C4D8961E02120300E69B26 /* Release */ = {
			isa = XCBuildConfiguration;
			buildSettings = {
				ALWAYS_SEARCH_USER_PATHS = NO;
				CLANG_ANALYZER_NONNULL = YES;
				CLANG_CXX_LANGUAGE_STANDARD = "gnu++0x";
				CLANG_CXX_LIBRARY = "libc++";
				CLANG_ENABLE_MODULES = YES;
				CLANG_ENABLE_OBJC_ARC = YES;
				CLANG_WARN_BOOL_CONVERSION = YES;
				CLANG_WARN_CONSTANT_CONVERSION = YES;
				CLANG_WARN_DIRECT_OBJC_ISA_USAGE = YES_ERROR;
				CLANG_WARN_DOCUMENTATION_COMMENTS = YES;
				CLANG_WARN_EMPTY_BODY = YES;
				CLANG_WARN_ENUM_CONVERSION = YES;
				CLANG_WARN_INFINITE_RECURSION = YES;
				CLANG_WARN_INT_CONVERSION = YES;
				CLANG_WARN_OBJC_ROOT_CLASS = YES_ERROR;
				CLANG_WARN_SUSPICIOUS_MOVE = YES;
				CLANG_WARN_UNREACHABLE_CODE = YES;
				CLANG_WARN__DUPLICATE_METHOD_MATCH = YES;
				"CODE_SIGN_IDENTITY[sdk=iphoneos*]" = "iPhone Developer";
				COPY_PHASE_STRIP = NO;
				DEBUG_INFORMATION_FORMAT = "dwarf-with-dsym";
				ENABLE_NS_ASSERTIONS = NO;
				ENABLE_STRICT_OBJC_MSGSEND = YES;
				GCC_C_LANGUAGE_STANDARD = gnu99;
				GCC_NO_COMMON_BLOCKS = YES;
				GCC_WARN_64_TO_32_BIT_CONVERSION = YES;
				GCC_WARN_ABOUT_RETURN_TYPE = YES_ERROR;
				GCC_WARN_UNDECLARED_SELECTOR = YES;
				GCC_WARN_UNINITIALIZED_AUTOS = YES_AGGRESSIVE;
				GCC_WARN_UNUSED_FUNCTION = YES;
				GCC_WARN_UNUSED_VARIABLE = YES;
				IPHONEOS_DEPLOYMENT_TARGET = 10.2;
				MTL_ENABLE_DEBUG_INFO = NO;
				SDKROOT = iphoneos;
				SWIFT_OPTIMIZATION_LEVEL = "-Owholemodule";
				VALIDATE_PRODUCT = YES;
			};
			name = Release;
		};
		F6C4D8981E02120300E69B26 /* Debug */ = {
			isa = XCBuildConfiguration;
			buildSettings = {
				ASSETCATALOG_COMPILER_APPICON_NAME = AppIcon;
				"CODE_SIGN_IDENTITY[sdk=iphoneos*]" = "iPhone Developer";
				DEVELOPMENT_TEAM = 7HUE53ZFW7;
				INFOPLIST_FILE = myWeather/Info.plist;
				IPHONEOS_DEPLOYMENT_TARGET = 10.0;
				LD_RUNPATH_SEARCH_PATHS = "$(inherited) @executable_path/Frameworks";
				PRODUCT_BUNDLE_IDENTIFIER = lqt0223.myWeather;
				PRODUCT_NAME = "$(TARGET_NAME)";
				SWIFT_OBJC_BRIDGING_HEADER = /Users/lqt0223/Desktop/code/myWeather/myWeather/Framework/SQLite_Bridge.h;
				SWIFT_VERSION = 3.0;
			};
			name = Debug;
		};
		F6C4D8991E02120300E69B26 /* Release */ = {
			isa = XCBuildConfiguration;
			buildSettings = {
				ASSETCATALOG_COMPILER_APPICON_NAME = AppIcon;
				"CODE_SIGN_IDENTITY[sdk=iphoneos*]" = "iPhone Developer";
				DEVELOPMENT_TEAM = 7HUE53ZFW7;
				INFOPLIST_FILE = myWeather/Info.plist;
				IPHONEOS_DEPLOYMENT_TARGET = 10.0;
				LD_RUNPATH_SEARCH_PATHS = "$(inherited) @executable_path/Frameworks";
				PRODUCT_BUNDLE_IDENTIFIER = lqt0223.myWeather;
				PRODUCT_NAME = "$(TARGET_NAME)";
				SWIFT_OBJC_BRIDGING_HEADER = /Users/lqt0223/Desktop/code/myWeather/myWeather/Framework/SQLite_Bridge.h;
				SWIFT_VERSION = 3.0;
			};
			name = Release;
		};
/* End XCBuildConfiguration section */

/* Begin XCConfigurationList section */
		F6C4D87D1E02120300E69B26 /* Build configuration list for PBXProject "myWeather" */ = {
			isa = XCConfigurationList;
			buildConfigurations = (
				F6C4D8951E02120300E69B26 /* Debug */,
				F6C4D8961E02120300E69B26 /* Release */,
			);
			defaultConfigurationIsVisible = 0;
			defaultConfigurationName = Release;
		};
		F6C4D8971E02120300E69B26 /* Build configuration list for PBXNativeTarget "myWeather" */ = {
			isa = XCConfigurationList;
			buildConfigurations = (
				F6C4D8981E02120300E69B26 /* Debug */,
				F6C4D8991E02120300E69B26 /* Release */,
			);
			defaultConfigurationIsVisible = 0;
			defaultConfigurationName = Release;
		};
/* End XCConfigurationList section */

/* Begin XCVersionGroup section */
		F6B5822A1E0FDC3E006E3860 /* myWeather.xcdatamodeld */ = {
			isa = XCVersionGroup;
			children = (
				F6B5822B1E0FDC3E006E3860 /* myWeather.xcdatamodel */,
			);
			currentVersion = F6B5822B1E0FDC3E006E3860 /* myWeather.xcdatamodel */;
			name = myWeather.xcdatamodeld;
			path = Data/myWeather.xcdatamodeld;
			sourceTree = "<group>";
			versionGroupType = wrapper.xcdatamodel;
		};
/* End XCVersionGroup section */
	};
	rootObject = F6C4D87A1E02120300E69B26 /* Project object */;
}
